
Microsoft Visual Studio Solution File, Format Version 12.00
# Visual Studio Version 16
VisualStudioVersion = 16.0.29326.143
MinimumVisualStudioVersion = 10.0.40219.1
Project("{FAE04EC0-301F-11D3-BF4B-00C04F79EFBC}") = "Inventory", "Inventory.csproj", "{3AC14DE7-9665-4A3F-BD28-AF64E98918A4}"
EndProject
Global
	GlobalSection(SolutionConfigurationPlatforms) = preSolution
		Debug|Any CPU = Debug|Any CPU
		Release|Any CPU = Release|Any CPU
	EndGlobalSection
	GlobalSection(ProjectConfigurationPlatforms) = postSolution
		{3AC14DE7-9665-4A3F-BD28-AF64E98918A4}.Debug|Any CPU.ActiveCfg = Debug|Any CPU
		{3AC14DE7-9665-4A3F-BD28-AF64E98918A4}.Debug|Any CPU.Build.0 = Debug|Any CPU
		{3AC14DE7-9665-4A3F-BD28-AF64E98918A4}.Release|Any CPU.ActiveCfg = Release|Any CPU
		{3AC14DE7-9665-4A3F-BD28-AF64E98918A4}.Release|Any CPU.Build.0 = Release|Any CPU
	EndGlobalSection
	GlobalSection(SolutionProperties) = preSolution
		HideSolutionNode = FALSE
	EndGlobalSection
	GlobalSection(ExtensibilityGlobals) = postSolution
		SolutionGuid = {0DAA9A77-89E8-4B6A-9DC4-63C53AA39454}
	EndGlobalSection
EndGlobal
